
Microsoft Visual Studio Solution File, Format Version 12.00
# Visual Studio 14
VisualStudioVersion = 14.0.25420.1
MinimumVisualStudioVersion = 10.0.40219.1
Project("{FAE04EC0-301F-11D3-BF4B-00C04F79EFBC}") = "WindowsFormsApplication1", "WindowsFormsApplication1\WindowsFormsApplication1.csproj", "{AA1A8DD9-DF2D-4819-AE09-B714D422AAAF}"
EndProject
Global
	GlobalSection(SolutionConfigurationPlatforms) = preSolution
		Debug|Any CPU = Debug|Any CPU
		Release|Any CPU = Release|Any CPU
	EndGlobalSection
	GlobalSection(ProjectConfigurationPlatforms) = postSolution
		{AA1A8DD9-DF2D-4819-AE09-B714D422AAAF}.Debug|Any CPU.ActiveCfg = Debug|Any CPU
		{AA1A8DD9-DF2D-4819-AE09-B714D422AAAF}.Debug|Any CPU.Build.0 = Debug|Any CPU
		{AA1A8DD9-DF2D-4819-AE09-B714D422AAAF}.Release|Any CPU.ActiveCfg = Release|Any CPU
		{AA1A8DD9-DF2D-4819-AE09-B714D422AAAF}.Release|Any CPU.Build.0 = Release|Any CPU
	EndGlobalSection
	GlobalSection(SolutionProperties) = preSolution
		HideSolutionNode = FALSE
	EndGlobalSection
EndGlobal
