
Microsoft Visual Studio Solution File, Format Version 12.00
# Visual Studio 14
VisualStudioVersion = 14.0.25420.1
MinimumVisualStudioVersion = 10.0.40219.1
Project("{FAE04EC0-301F-11D3-BF4B-00C04F79EFBC}") = "WebApplication1", "WebApplication1\WebApplication1.csproj", "{9BDE7997-5DF2-4512-8B8E-01C99ACE4408}"
EndProject
Project("{FAE04EC0-301F-11D3-BF4B-00C04F79EFBC}") = "WebApplication1.Tests", "WebApplication1.Tests\WebApplication1.Tests.csproj", "{01A59F95-A1AB-4681-8C1F-E6A09231BC59}"
EndProject
Global
	GlobalSection(SolutionConfigurationPlatforms) = preSolution
		Debug|Any CPU = Debug|Any CPU
		Release|Any CPU = Release|Any CPU
	EndGlobalSection
	GlobalSection(ProjectConfigurationPlatforms) = postSolution
		{9BDE7997-5DF2-4512-8B8E-01C99ACE4408}.Debug|Any CPU.ActiveCfg = Debug|Any CPU
		{9BDE7997-5DF2-4512-8B8E-01C99ACE4408}.Debug|Any CPU.Build.0 = Debug|Any CPU
		{9BDE7997-5DF2-4512-8B8E-01C99ACE4408}.Release|Any CPU.ActiveCfg = Release|Any CPU
		{9BDE7997-5DF2-4512-8B8E-01C99ACE4408}.Release|Any CPU.Build.0 = Release|Any CPU
		{01A59F95-A1AB-4681-8C1F-E6A09231BC59}.Debug|Any CPU.ActiveCfg = Debug|Any CPU
		{01A59F95-A1AB-4681-8C1F-E6A09231BC59}.Debug|Any CPU.Build.0 = Debug|Any CPU
		{01A59F95-A1AB-4681-8C1F-E6A09231BC59}.Release|Any CPU.ActiveCfg = Release|Any CPU
		{01A59F95-A1AB-4681-8C1F-E6A09231BC59}.Release|Any CPU.Build.0 = Release|Any CPU
	EndGlobalSection
	GlobalSection(SolutionProperties) = preSolution
		HideSolutionNode = FALSE
	EndGlobalSection
EndGlobal
